
Microsoft Visual Studio Solution File, Format Version 12.00
# Visual Studio 15
VisualStudioVersion = 15.0.28307.2092
MinimumVisualStudioVersion = 10.0.40219.1
Project("{FAE04EC0-301F-11D3-BF4B-00C04F79EFBC}") = "Demo0926", "Demo0926\Demo0926.csproj", "{44E0D52A-64EF-418F-837D-300C65BBB934}"
EndProject
Project("{FAE04EC0-301F-11D3-BF4B-00C04F79EFBC}") = "Order", "Order\Order.csproj", "{3766983D-DB27-4C95-990F-26FA2936F7C5}"
EndProject
Global
	GlobalSection(SolutionConfigurationPlatforms) = preSolution
		Debug|Any CPU = Debug|Any CPU
		Release|Any CPU = Release|Any CPU
	EndGlobalSection
	GlobalSection(ProjectConfigurationPlatforms) = postSolution
		{44E0D52A-64EF-418F-837D-300C65BBB934}.Debug|Any CPU.ActiveCfg = Debug|Any CPU
		{44E0D52A-64EF-418F-837D-300C65BBB934}.Debug|Any CPU.Build.0 = Debug|Any CPU
		{44E0D52A-64EF-418F-837D-300C65BBB934}.Release|Any CPU.ActiveCfg = Release|Any CPU
		{44E0D52A-64EF-418F-837D-300C65BBB934}.Release|Any CPU.Build.0 = Release|Any CPU
		{3766983D-DB27-4C95-990F-26FA2936F7C5}.Debug|Any CPU.ActiveCfg = Debug|Any CPU
		{3766983D-DB27-4C95-990F-26FA2936F7C5}.Debug|Any CPU.Build.0 = Debug|Any CPU
		{3766983D-DB27-4C95-990F-26FA2936F7C5}.Release|Any CPU.ActiveCfg = Release|Any CPU
		{3766983D-DB27-4C95-990F-26FA2936F7C5}.Release|Any CPU.Build.0 = Release|Any CPU
	EndGlobalSection
	GlobalSection(SolutionProperties) = preSolution
		HideSolutionNode = FALSE
	EndGlobalSection
	GlobalSection(ExtensibilityGlobals) = postSolution
		SolutionGuid = {5E48FE1A-9E31-4879-85BD-11BFD2FAF1D6}
	EndGlobalSection
EndGlobal
